
Microsoft Visual Studio Solution File, Format Version 12.00
# Visual Studio Version 17
VisualStudioVersion = 17.11.35111.106
MinimumVisualStudioVersion = 10.0.40219.1
Project("{FAE04EC0-301F-11D3-BF4B-00C04F79EFBC}") = "fib", "fib\fib.csproj", "{755EF7CF-8D78-45B6-BFB2-08244B15458F}"
EndProject
Global
	GlobalSection(SolutionConfigurationPlatforms) = preSolution
		Debug|Any CPU = Debug|Any CPU
		Release|Any CPU = Release|Any CPU
	EndGlobalSection
	GlobalSection(ProjectConfigurationPlatforms) = postSolution
		{755EF7CF-8D78-45B6-BFB2-08244B15458F}.Debug|Any CPU.ActiveCfg = Debug|Any CPU
		{755EF7CF-8D78-45B6-BFB2-08244B15458F}.Debug|Any CPU.Build.0 = Debug|Any CPU
		{755EF7CF-8D78-45B6-BFB2-08244B15458F}.Release|Any CPU.ActiveCfg = Release|Any CPU
		{755EF7CF-8D78-45B6-BFB2-08244B15458F}.Release|Any CPU.Build.0 = Release|Any CPU
	EndGlobalSection
	GlobalSection(SolutionProperties) = preSolution
		HideSolutionNode = FALSE
	EndGlobalSection
	GlobalSection(ExtensibilityGlobals) = postSolution
		SolutionGuid = {F85160EA-E3D1-4FB1-9B9F-7072158E57A6}
	EndGlobalSection
EndGlobal
